// !$*UTF8*$!
{
	archiveVersion = 1;
	classes = {
	};
	objectVersion = 46;
	objects = {

/* Begin PBXBuildFile section */
		8F580B521A78FEB0002A790B /* main.cpp in Sources */ = {isa = PBXBuildFile; fileRef = 8F580B511A78FEB0002A790B /* main.cpp */; };
		8F580B6F1A78FECB002A790B /* DspGenerator.cpp in Sources */ = {isa = PBXBuildFile; fileRef = 8F580B611A78FECB002A790B /* DspGenerator.cpp */; };
		8F580B701A78FECB002A790B /* DspMath.cpp in Sources */ = {isa = PBXBuildFile; fileRef = 8F580B631A78FECB002A790B /* DspMath.cpp */; };
		8F580B751A78FF7A002A790B /* Accelerate.framework in Frameworks */ = {isa = PBXBuildFile; fileRef = 8F580B741A78FF7A002A790B /* Accelerate.framework */; };
		8FFC25911A8E336500B49898 /* DspContext.cpp in Sources */ = {isa = PBXBuildFile; fileRef = 8FFC258A1A8E336500B49898 /* DspContext.cpp */; };
		8FFC25931A8E336500B49898 /* DspNode.cpp in Sources */ = {isa = PBXBuildFile; fileRef = 8FFC258E1A8E336500B49898 /* DspNode.cpp */; };
/* End PBXBuildFile section */

/* Begin PBXCopyFilesBuildPhase section */
		8F580B4C1A78FEB0002A790B /* CopyFiles */ = {
			isa = PBXCopyFilesBuildPhase;
			buildActionMask = 2147483647;
			dstPath = /usr/share/man/man1/;
			dstSubfolderSpec = 0;
			files = (
			);
			runOnlyForDeploymentPostprocessing = 1;
		};
/* End PBXCopyFilesBuildPhase section */

/* Begin PBXFileReference section */
		8F580B4E1A78FEB0002A790B /* example */ = {isa = PBXFileReference; explicitFileType = "compiled.mach-o.executable"; includeInIndex = 0; path = example; sourceTree = BUILT_PRODUCTS_DIR; };
		8F580B511A78FEB0002A790B /* main.cpp */ = {isa = PBXFileReference; lastKnownFileType = sourcecode.cpp.cpp; path = main.cpp; sourceTree = "<group>"; };
		8F580B5D1A78FECB002A790B /* Dsp.h */ = {isa = PBXFileReference; fileEncoding = 4; lastKnownFileType = sourcecode.c.h; name = Dsp.h; path = ../../Dsp.h; sourceTree = "<group>"; };
		8F580B611A78FECB002A790B /* DspGenerator.cpp */ = {isa = PBXFileReference; fileEncoding = 4; lastKnownFileType = sourcecode.cpp.cpp; path = DspGenerator.cpp; sourceTree = "<group>"; };
		8F580B621A78FECB002A790B /* DspGenerator.h */ = {isa = PBXFileReference; fileEncoding = 4; lastKnownFileType = sourcecode.c.h; path = DspGenerator.h; sourceTree = "<group>"; };
		8F580B631A78FECB002A790B /* DspMath.cpp */ = {isa = PBXFileReference; fileEncoding = 4; lastKnownFileType = sourcecode.cpp.cpp; path = DspMath.cpp; sourceTree = "<group>"; };
		8F580B641A78FECB002A790B /* DspMath.h */ = {isa = PBXFileReference; fileEncoding = 4; lastKnownFileType = sourcecode.c.h; path = DspMath.h; sourceTree = "<group>"; };
		8F580B651A78FECB002A790B /* DspModules.h */ = {isa = PBXFileReference; fileEncoding = 4; lastKnownFileType = sourcecode.c.h; path = DspModules.h; sourceTree = "<group>"; };
		8F580B741A78FF7A002A790B /* Accelerate.framework */ = {isa = PBXFileReference; lastKnownFileType = wrapper.framework; name = Accelerate.framework; path = System/Library/Frameworks/Accelerate.framework; sourceTree = SDKROOT; };
		8FFC258A1A8E336500B49898 /* DspContext.cpp */ = {isa = PBXFileReference; fileEncoding = 4; lastKnownFileType = sourcecode.cpp.cpp; path = DspContext.cpp; sourceTree = "<group>"; };
		8FFC258B1A8E336500B49898 /* DspContext.h */ = {isa = PBXFileReference; fileEncoding = 4; lastKnownFileType = sourcecode.c.h; path = DspContext.h; sourceTree = "<group>"; };
		8FFC258D1A8E336500B49898 /* DspError.h */ = {isa = PBXFileReference; fileEncoding = 4; lastKnownFileType = sourcecode.c.h; path = DspError.h; sourceTree = "<group>"; };
		8FFC258E1A8E336500B49898 /* DspNode.cpp */ = {isa = PBXFileReference; fileEncoding = 4; lastKnownFileType = sourcecode.cpp.cpp; path = DspNode.cpp; sourceTree = "<group>"; };
		8FFC258F1A8E336500B49898 /* DspNode.h */ = {isa = PBXFileReference; fileEncoding = 4; lastKnownFileType = sourcecode.c.h; path = DspNode.h; sourceTree = "<group>"; };
		8FFC25901A8E336500B49898 /* DspSignal.h */ = {isa = PBXFileReference; fileEncoding = 4; lastKnownFileType = sourcecode.c.h; path = DspSignal.h; sourceTree = "<group>"; };
/* End PBXFileReference section */

/* Begin PBXFrameworksBuildPhase section */
		8F580B4B1A78FEB0002A790B /* Frameworks */ = {
			isa = PBXFrameworksBuildPhase;
			buildActionMask = 2147483647;
			files = (
				8F580B751A78FF7A002A790B /* Accelerate.framework in Frameworks */,
			);
			runOnlyForDeploymentPostprocessing = 0;
		};
/* End PBXFrameworksBuildPhase section */

/* Begin PBXGroup section */
		8F580B451A78FEB0002A790B = {
			isa = PBXGroup;
			children = (
				8F580B741A78FF7A002A790B /* Accelerate.framework */,
				8F580B501A78FEB0002A790B /* example */,
				8F580B4F1A78FEB0002A790B /* Products */,
			);
			sourceTree = "<group>";
		};
		8F580B4F1A78FEB0002A790B /* Products */ = {
			isa = PBXGroup;
			children = (
				8F580B4E1A78FEB0002A790B /* example */,
			);
			name = Products;
			sourceTree = "<group>";
		};
		8F580B501A78FEB0002A790B /* example */ = {
			isa = PBXGroup;
			children = (
				8F580B511A78FEB0002A790B /* main.cpp */,
				8F580B581A78FEBE002A790B /* Sources */,
			);
			path = example;
			sourceTree = "<group>";
		};
		8F580B581A78FEBE002A790B /* Sources */ = {
			isa = PBXGroup;
			children = (
				8F580B5D1A78FECB002A790B /* Dsp.h */,
				8FFC25891A8E336500B49898 /* Context */,
				8F580B5E1A78FECB002A790B /* Modules */,
			);
			name = Sources;
			sourceTree = "<group>";
		};
		8F580B5E1A78FECB002A790B /* Modules */ = {
			isa = PBXGroup;
			children = (
				8F580B651A78FECB002A790B /* DspModules.h */,
				8F580B611A78FECB002A790B /* DspGenerator.cpp */,
				8F580B621A78FECB002A790B /* DspGenerator.h */,
				8F580B631A78FECB002A790B /* DspMath.cpp */,
				8F580B641A78FECB002A790B /* DspMath.h */,
			);
			name = Modules;
			path = ../../Modules;
			sourceTree = "<group>";
		};
		8FFC25891A8E336500B49898 /* Context */ = {
			isa = PBXGroup;
			children = (
				8FFC258D1A8E336500B49898 /* DspError.h */,
				8FFC25901A8E336500B49898 /* DspSignal.h */,
				8FFC258E1A8E336500B49898 /* DspNode.cpp */,
				8FFC258F1A8E336500B49898 /* DspNode.h */,
				8FFC258A1A8E336500B49898 /* DspContext.cpp */,
				8FFC258B1A8E336500B49898 /* DspContext.h */,
			);
			name = Context;
			path = ../../Context;
			sourceTree = "<group>";
		};
/* End PBXGroup section */

/* Begin PBXNativeTarget section */
		8F580B4D1A78FEB0002A790B /* example */ = {
			isa = PBXNativeTarget;
			buildConfigurationList = 8F580B551A78FEB0002A790B /* Build configuration list for PBXNativeTarget "example" */;
			buildPhases = (
				8F580B4A1A78FEB0002A790B /* Sources */,
				8F580B4B1A78FEB0002A790B /* Frameworks */,
				8F580B4C1A78FEB0002A790B /* CopyFiles */,
			);
			buildRules = (
			);
			dependencies = (
			);
			name = example;
			productName = example;
			productReference = 8F580B4E1A78FEB0002A790B /* example */;
			productType = "com.apple.product-type.tool";
		};
/* End PBXNativeTarget section */

/* Begin PBXProject section */
		8F580B461A78FEB0002A790B /* Project object */ = {
			isa = PBXProject;
			attributes = {
				LastUpgradeCheck = 0610;
				ORGANIZATIONNAME = Kiwi;
				TargetAttributes = {
					8F580B4D1A78FEB0002A790B = {
						CreatedOnToolsVersion = 6.1.1;
					};
				};
			};
			buildConfigurationList = 8F580B491A78FEB0002A790B /* Build configuration list for PBXProject "example" */;
			compatibilityVersion = "Xcode 3.2";
			developmentRegion = English;
			hasScannedForEncodings = 0;
			knownRegions = (
				en,
			);
			mainGroup = 8F580B451A78FEB0002A790B;
			productRefGroup = 8F580B4F1A78FEB0002A790B /* Products */;
			projectDirPath = "";
			projectRoot = "";
			targets = (
				8F580B4D1A78FEB0002A790B /* example */,
			);
		};
/* End PBXProject section */

/* Begin PBXSourcesBuildPhase section */
		8F580B4A1A78FEB0002A790B /* Sources */ = {
			isa = PBXSourcesBuildPhase;
			buildActionMask = 2147483647;
			files = (
				8F580B6F1A78FECB002A790B /* DspGenerator.cpp in Sources */,
				8FFC25911A8E336500B49898 /* DspContext.cpp in Sources */,
				8F580B701A78FECB002A790B /* DspMath.cpp in Sources */,
				8FFC25931A8E336500B49898 /* DspNode.cpp in Sources */,
				8F580B521A78FEB0002A790B /* main.cpp in Sources */,
			);
			runOnlyForDeploymentPostprocessing = 0;
		};
/* End PBXSourcesBuildPhase section */

/* Begin XCBuildConfiguration section */
		8F580B531A78FEB0002A790B /* Debug */ = {
			isa = XCBuildConfiguration;
			buildSettings = {
				ALWAYS_SEARCH_USER_PATHS = NO;
				CLANG_CXX_LANGUAGE_STANDARD = "gnu++0x";
				CLANG_CXX_LIBRARY = "libc++";
				CLANG_ENABLE_MODULES = YES;
				CLANG_ENABLE_OBJC_ARC = YES;
				CLANG_WARN_BOOL_CONVERSION = YES;
				CLANG_WARN_CONSTANT_CONVERSION = YES;
				CLANG_WARN_DIRECT_OBJC_ISA_USAGE = YES_ERROR;
				CLANG_WARN_EMPTY_BODY = YES;
				CLANG_WARN_ENUM_CONVERSION = YES;
				CLANG_WARN_INT_CONVERSION = YES;
				CLANG_WARN_OBJC_ROOT_CLASS = YES_ERROR;
				CLANG_WARN_UNREACHABLE_CODE = YES;
				CLANG_WARN__DUPLICATE_METHOD_MATCH = YES;
				COPY_PHASE_STRIP = NO;
				ENABLE_STRICT_OBJC_MSGSEND = YES;
				GCC_C_LANGUAGE_STANDARD = gnu99;
				GCC_DYNAMIC_NO_PIC = NO;
				GCC_OPTIMIZATION_LEVEL = 0;
				GCC_PREPROCESSOR_DEFINITIONS = (
					"DEBUG=1",
					"$(inherited)",
				);
				GCC_SYMBOLS_PRIVATE_EXTERN = NO;
				GCC_WARN_64_TO_32_BIT_CONVERSION = YES;
				GCC_WARN_ABOUT_RETURN_TYPE = YES_ERROR;
				GCC_WARN_UNDECLARED_SELECTOR = YES;
				GCC_WARN_UNINITIALIZED_AUTOS = YES_AGGRESSIVE;
				GCC_WARN_UNUSED_FUNCTION = YES;
				GCC_WARN_UNUSED_VARIABLE = YES;
				MACOSX_DEPLOYMENT_TARGET = 10.10;
				MTL_ENABLE_DEBUG_INFO = YES;
				ONLY_ACTIVE_ARCH = YES;
				SDKROOT = macosx;
			};
			name = Debug;
		};
		8F580B541A78FEB0002A790B /* Release */ = {
			isa = XCBuildConfiguration;
			buildSettings = {
				ALWAYS_SEARCH_USER_PATHS = NO;
				CLANG_CXX_LANGUAGE_STANDARD = "gnu++0x";
				CLANG_CXX_LIBRARY = "libc++";
				CLANG_ENABLE_MODULES = YES;
				CLANG_ENABLE_OBJC_ARC = YES;
				CLANG_WARN_BOOL_CONVERSION = YES;
				CLANG_WARN_CONSTANT_CONVERSION = YES;
				CLANG_WARN_DIRECT_OBJC_ISA_USAGE = YES_ERROR;
				CLANG_WARN_EMPTY_BODY = YES;
				CLANG_WARN_ENUM_CONVERSION = YES;
				CLANG_WARN_INT_CONVERSION = YES;
				CLANG_WARN_OBJC_ROOT_CLASS = YES_ERROR;
				CLANG_WARN_UNREACHABLE_CODE = YES;
				CLANG_WARN__DUPLICATE_METHOD_MATCH = YES;
				COPY_PHASE_STRIP = YES;
				DEBUG_INFORMATION_FORMAT = "dwarf-with-dsym";
				ENABLE_NS_ASSERTIONS = NO;
				ENABLE_STRICT_OBJC_MSGSEND = YES;
				GCC_C_LANGUAGE_STANDARD = gnu99;
				GCC_WARN_64_TO_32_BIT_CONVERSION = YES;
				GCC_WARN_ABOUT_RETURN_TYPE = YES_ERROR;
				GCC_WARN_UNDECLARED_SELECTOR = YES;
				GCC_WARN_UNINITIALIZED_AUTOS = YES_AGGRESSIVE;
				GCC_WARN_UNUSED_FUNCTION = YES;
				GCC_WARN_UNUSED_VARIABLE = YES;
				MACOSX_DEPLOYMENT_TARGET = 10.10;
				MTL_ENABLE_DEBUG_INFO = NO;
				SDKROOT = macosx;
			};
			name = Release;
		};
		8F580B561A78FEB0002A790B /* Debug */ = {
			isa = XCBuildConfiguration;
			buildSettings = {
				PRODUCT_NAME = "$(TARGET_NAME)";
			};
			name = Debug;
		};
		8F580B571A78FEB0002A790B /* Release */ = {
			isa = XCBuildConfiguration;
			buildSettings = {
				PRODUCT_NAME = "$(TARGET_NAME)";
			};
			name = Release;
		};
/* End XCBuildConfiguration section */

/* Begin XCConfigurationList section */
		8F580B491A78FEB0002A790B /* Build configuration list for PBXProject "example" */ = {
			isa = XCConfigurationList;
			buildConfigurations = (
				8F580B531A78FEB0002A790B /* Debug */,
				8F580B541A78FEB0002A790B /* Release */,
			);
			defaultConfigurationIsVisible = 0;
			defaultConfigurationName = Release;
		};
		8F580B551A78FEB0002A790B /* Build configuration list for PBXNativeTarget "example" */ = {
			isa = XCConfigurationList;
			buildConfigurations = (
				8F580B561A78FEB0002A790B /* Debug */,
				8F580B571A78FEB0002A790B /* Release */,
			);
			defaultConfigurationIsVisible = 0;
			defaultConfigurationName = Release;
		};
/* End XCConfigurationList section */
	};
	rootObject = 8F580B461A78FEB0002A790B /* Project object */;
}
